
Microsoft Visual Studio Solution File, Format Version 12.00
# Visual Studio Version 17
VisualStudioVersion = 17.2.32630.192
MinimumVisualStudioVersion = 10.0.40219.1
Project("{9A19103F-16F7-4668-BE54-9A1E7A4F7556}") = "MyOrganizer", "MyOrganizer\MyOrganizer.csproj", "{51A1F6BC-5356-4C5F-ABCB-97404AB98A33}"
EndProject
Global
	GlobalSection(SolutionConfigurationPlatforms) = preSolution
		Debug|Any CPU = Debug|Any CPU
		Release|Any CPU = Release|Any CPU
	EndGlobalSection
	GlobalSection(ProjectConfigurationPlatforms) = postSolution
		{51A1F6BC-5356-4C5F-ABCB-97404AB98A33}.Debug|Any CPU.ActiveCfg = Debug|Any CPU
		{51A1F6BC-5356-4C5F-ABCB-97404AB98A33}.Debug|Any CPU.Build.0 = Debug|Any CPU
		{51A1F6BC-5356-4C5F-ABCB-97404AB98A33}.Release|Any CPU.ActiveCfg = Release|Any CPU
		{51A1F6BC-5356-4C5F-ABCB-97404AB98A33}.Release|Any CPU.Build.0 = Release|Any CPU
	EndGlobalSection
	GlobalSection(SolutionProperties) = preSolution
		HideSolutionNode = FALSE
	EndGlobalSection
	GlobalSection(ExtensibilityGlobals) = postSolution
		SolutionGuid = {E08DD113-915C-45C5-84A4-EB033A876739}
	EndGlobalSection
EndGlobal
